
Microsoft Visual Studio Solution File, Format Version 12.00
# Visual Studio Version 17
VisualStudioVersion = 17.3.32825.248
MinimumVisualStudioVersion = 10.0.40219.1
Project("{8BC9CEB8-8B4A-11D0-8D11-00A0C91BC942}") = "test_5_28", "test_5_28\test_5_28.vcxproj", "{7001634E-64F0-4C62-9E51-DEA755A91308}"
EndProject
Global
	GlobalSection(SolutionConfigurationPlatforms) = preSolution
		Debug|x64 = Debug|x64
		Debug|x86 = Debug|x86
		Release|x64 = Release|x64
		Release|x86 = Release|x86
	EndGlobalSection
	GlobalSection(ProjectConfigurationPlatforms) = postSolution
		{7001634E-64F0-4C62-9E51-DEA755A91308}.Debug|x64.ActiveCfg = Debug|x64
		{7001634E-64F0-4C62-9E51-DEA755A91308}.Debug|x64.Build.0 = Debug|x64
		{7001634E-64F0-4C62-9E51-DEA755A91308}.Debug|x86.ActiveCfg = Debug|Win32
		{7001634E-64F0-4C62-9E51-DEA755A91308}.Debug|x86.Build.0 = Debug|Win32
		{7001634E-64F0-4C62-9E51-DEA755A91308}.Release|x64.ActiveCfg = Release|x64
		{7001634E-64F0-4C62-9E51-DEA755A91308}.Release|x64.Build.0 = Release|x64
		{7001634E-64F0-4C62-9E51-DEA755A91308}.Release|x86.ActiveCfg = Release|Win32
		{7001634E-64F0-4C62-9E51-DEA755A91308}.Release|x86.Build.0 = Release|Win32
	EndGlobalSection
	GlobalSection(SolutionProperties) = preSolution
		HideSolutionNode = FALSE
	EndGlobalSection
	GlobalSection(ExtensibilityGlobals) = postSolution
		SolutionGuid = {C6A893E4-D112-43A0-9E48-6CAA22B78445}
	EndGlobalSection
EndGlobal
